
Microsoft Visual Studio Solution File, Format Version 12.00
# Visual Studio Version 17
VisualStudioVersion = 17.10.35013.160
MinimumVisualStudioVersion = 10.0.40219.1
Project("{9A19103F-16F7-4668-BE54-9A1E7A4F7556}") = "CRUD_Respository", "CRUD_Respository.csproj", "{CCFF9A48-271B-460E-8EE5-86E19903AFE8}"
EndProject
Global
	GlobalSection(SolutionConfigurationPlatforms) = preSolution
		Debug|Any CPU = Debug|Any CPU
		Release|Any CPU = Release|Any CPU
	EndGlobalSection
	GlobalSection(ProjectConfigurationPlatforms) = postSolution
		{CCFF9A48-271B-460E-8EE5-86E19903AFE8}.Debug|Any CPU.ActiveCfg = Debug|Any CPU
		{CCFF9A48-271B-460E-8EE5-86E19903AFE8}.Debug|Any CPU.Build.0 = Debug|Any CPU
		{CCFF9A48-271B-460E-8EE5-86E19903AFE8}.Release|Any CPU.ActiveCfg = Release|Any CPU
		{CCFF9A48-271B-460E-8EE5-86E19903AFE8}.Release|Any CPU.Build.0 = Release|Any CPU
	EndGlobalSection
	GlobalSection(SolutionProperties) = preSolution
		HideSolutionNode = FALSE
	EndGlobalSection
	GlobalSection(ExtensibilityGlobals) = postSolution
		SolutionGuid = {B2AE7DD7-5EB7-40CC-B9B5-5F4B9B1C5B0C}
	EndGlobalSection
EndGlobal
